
Microsoft Visual Studio Solution File, Format Version 12.00
# Visual Studio 15
VisualStudioVersion = 15.0.26124.0
MinimumVisualStudioVersion = 15.0.26124.0
Project("{2150E333-8FDC-42A3-9474-1A3956D46DE8}") = "src", "src", "{9C068033-41C2-4130-8FB5-F8568AB8A4C2}"
EndProject
Project("{FAE04EC0-301F-11D3-BF4B-00C04F79EFBC}") = "BookStore.API", "src\BookStore.API\BookStore.API.csproj", "{4494A124-57C4-4597-BB30-F7A8BDAF0267}"
EndProject
Project("{FAE04EC0-301F-11D3-BF4B-00C04F79EFBC}") = "BookStore.Domain", "src\BookStore.Domain\BookStore.Domain.csproj", "{523B552D-4643-4321-B763-12E06EF6586A}"
EndProject
Project("{FAE04EC0-301F-11D3-BF4B-00C04F79EFBC}") = "BookStore.Infrastructure", "src\BookStore.Infrastructure\BookStore.Infrastructure.csproj", "{EFB4BBD4-3D77-42F7-9C1B-8CF97950E15E}"
EndProject
Global
	GlobalSection(SolutionConfigurationPlatforms) = preSolution
		Debug|Any CPU = Debug|Any CPU
		Debug|x64 = Debug|x64
		Debug|x86 = Debug|x86
		Release|Any CPU = Release|Any CPU
		Release|x64 = Release|x64
		Release|x86 = Release|x86
	EndGlobalSection
	GlobalSection(SolutionProperties) = preSolution
		HideSolutionNode = FALSE
	EndGlobalSection
	GlobalSection(ProjectConfigurationPlatforms) = postSolution
		{4494A124-57C4-4597-BB30-F7A8BDAF0267}.Debug|Any CPU.ActiveCfg = Debug|Any CPU
		{4494A124-57C4-4597-BB30-F7A8BDAF0267}.Debug|Any CPU.Build.0 = Debug|Any CPU
		{4494A124-57C4-4597-BB30-F7A8BDAF0267}.Debug|x64.ActiveCfg = Debug|Any CPU
		{4494A124-57C4-4597-BB30-F7A8BDAF0267}.Debug|x64.Build.0 = Debug|Any CPU
		{4494A124-57C4-4597-BB30-F7A8BDAF0267}.Debug|x86.ActiveCfg = Debug|Any CPU
		{4494A124-57C4-4597-BB30-F7A8BDAF0267}.Debug|x86.Build.0 = Debug|Any CPU
		{4494A124-57C4-4597-BB30-F7A8BDAF0267}.Release|Any CPU.ActiveCfg = Release|Any CPU
		{4494A124-57C4-4597-BB30-F7A8BDAF0267}.Release|Any CPU.Build.0 = Release|Any CPU
		{4494A124-57C4-4597-BB30-F7A8BDAF0267}.Release|x64.ActiveCfg = Release|Any CPU
		{4494A124-57C4-4597-BB30-F7A8BDAF0267}.Release|x64.Build.0 = Release|Any CPU
		{4494A124-57C4-4597-BB30-F7A8BDAF0267}.Release|x86.ActiveCfg = Release|Any CPU
		{4494A124-57C4-4597-BB30-F7A8BDAF0267}.Release|x86.Build.0 = Release|Any CPU
		{523B552D-4643-4321-B763-12E06EF6586A}.Debug|Any CPU.ActiveCfg = Debug|Any CPU
		{523B552D-4643-4321-B763-12E06EF6586A}.Debug|Any CPU.Build.0 = Debug|Any CPU
		{523B552D-4643-4321-B763-12E06EF6586A}.Debug|x64.ActiveCfg = Debug|Any CPU
		{523B552D-4643-4321-B763-12E06EF6586A}.Debug|x64.Build.0 = Debug|Any CPU
		{523B552D-4643-4321-B763-12E06EF6586A}.Debug|x86.ActiveCfg = Debug|Any CPU
		{523B552D-4643-4321-B763-12E06EF6586A}.Debug|x86.Build.0 = Debug|Any CPU
		{523B552D-4643-4321-B763-12E06EF6586A}.Release|Any CPU.ActiveCfg = Release|Any CPU
		{523B552D-4643-4321-B763-12E06EF6586A}.Release|Any CPU.Build.0 = Release|Any CPU
		{523B552D-4643-4321-B763-12E06EF6586A}.Release|x64.ActiveCfg = Release|Any CPU
		{523B552D-4643-4321-B763-12E06EF6586A}.Release|x64.Build.0 = Release|Any CPU
		{523B552D-4643-4321-B763-12E06EF6586A}.Release|x86.ActiveCfg = Release|Any CPU
		{523B552D-4643-4321-B763-12E06EF6586A}.Release|x86.Build.0 = Release|Any CPU
		{EFB4BBD4-3D77-42F7-9C1B-8CF97950E15E}.Debug|Any CPU.ActiveCfg = Debug|Any CPU
		{EFB4BBD4-3D77-42F7-9C1B-8CF97950E15E}.Debug|Any CPU.Build.0 = Debug|Any CPU
		{EFB4BBD4-3D77-42F7-9C1B-8CF97950E15E}.Debug|x64.ActiveCfg = Debug|Any CPU
		{EFB4BBD4-3D77-42F7-9C1B-8CF97950E15E}.Debug|x64.Build.0 = Debug|Any CPU
		{EFB4BBD4-3D77-42F7-9C1B-8CF97950E15E}.Debug|x86.ActiveCfg = Debug|Any CPU
		{EFB4BBD4-3D77-42F7-9C1B-8CF97950E15E}.Debug|x86.Build.0 = Debug|Any CPU
		{EFB4BBD4-3D77-42F7-9C1B-8CF97950E15E}.Release|Any CPU.ActiveCfg = Release|Any CPU
		{EFB4BBD4-3D77-42F7-9C1B-8CF97950E15E}.Release|Any CPU.Build.0 = Release|Any CPU
		{EFB4BBD4-3D77-42F7-9C1B-8CF97950E15E}.Release|x64.ActiveCfg = Release|Any CPU
		{EFB4BBD4-3D77-42F7-9C1B-8CF97950E15E}.Release|x64.Build.0 = Release|Any CPU
		{EFB4BBD4-3D77-42F7-9C1B-8CF97950E15E}.Release|x86.ActiveCfg = Release|Any CPU
		{EFB4BBD4-3D77-42F7-9C1B-8CF97950E15E}.Release|x86.Build.0 = Release|Any CPU
	EndGlobalSection
	GlobalSection(NestedProjects) = preSolution
		{4494A124-57C4-4597-BB30-F7A8BDAF0267} = {9C068033-41C2-4130-8FB5-F8568AB8A4C2}
		{523B552D-4643-4321-B763-12E06EF6586A} = {9C068033-41C2-4130-8FB5-F8568AB8A4C2}
		{EFB4BBD4-3D77-42F7-9C1B-8CF97950E15E} = {9C068033-41C2-4130-8FB5-F8568AB8A4C2}
	EndGlobalSection
EndGlobal
